
Microsoft Visual Studio Solution File, Format Version 12.00
# Visual Studio Version 16
VisualStudioVersion = 16.0.29006.145
MinimumVisualStudioVersion = 10.0.40219.1
Project("{9A19103F-16F7-4668-BE54-9A1E7A4F7556}") = "NdcOslo2019", "NdcOslo2019\NdcOslo2019.csproj", "{2254C13F-62B2-4F4C-8EC9-40FB939F0FDA}"
EndProject
Project("{FAE04EC0-301F-11D3-BF4B-00C04F79EFBC}") = "AzureStorage", "AzureStorage\AzureStorage.csproj", "{9F3E0FFA-9EC6-4789-8B7D-AEAAF0242AC0}"
EndProject
Global
	GlobalSection(SolutionConfigurationPlatforms) = preSolution
		Debug|Any CPU = Debug|Any CPU
		Release|Any CPU = Release|Any CPU
	EndGlobalSection
	GlobalSection(ProjectConfigurationPlatforms) = postSolution
		{2254C13F-62B2-4F4C-8EC9-40FB939F0FDA}.Debug|Any CPU.ActiveCfg = Debug|Any CPU
		{2254C13F-62B2-4F4C-8EC9-40FB939F0FDA}.Debug|Any CPU.Build.0 = Debug|Any CPU
		{2254C13F-62B2-4F4C-8EC9-40FB939F0FDA}.Release|Any CPU.ActiveCfg = Release|Any CPU
		{2254C13F-62B2-4F4C-8EC9-40FB939F0FDA}.Release|Any CPU.Build.0 = Release|Any CPU
		{9F3E0FFA-9EC6-4789-8B7D-AEAAF0242AC0}.Debug|Any CPU.ActiveCfg = Debug|Any CPU
		{9F3E0FFA-9EC6-4789-8B7D-AEAAF0242AC0}.Debug|Any CPU.Build.0 = Debug|Any CPU
		{9F3E0FFA-9EC6-4789-8B7D-AEAAF0242AC0}.Release|Any CPU.ActiveCfg = Release|Any CPU
		{9F3E0FFA-9EC6-4789-8B7D-AEAAF0242AC0}.Release|Any CPU.Build.0 = Release|Any CPU
	EndGlobalSection
	GlobalSection(SolutionProperties) = preSolution
		HideSolutionNode = FALSE
	EndGlobalSection
	GlobalSection(ExtensibilityGlobals) = postSolution
		SolutionGuid = {81FA359C-BB15-4324-B57D-231E144BE7F6}
	EndGlobalSection
EndGlobal
